Microsoft Visual Studio Solution File, Format Version 12.00
# Visual Studio Version 17
VisualStudioVersion = 17.5.2.0
MinimumVisualStudioVersion = 10.0.40219.1
Project("{FAE04EC0-301F-11D3-BF4B-00C04F79EFBC}") = "QuizAI.Api", "QuizAI.Api\QuizAI.Api.csproj", "{B7E9CF68-09B0-B867-B77C-9F07FA8C815A}"
EndProject
Project("{FAE04EC0-301F-11D3-BF4B-00C04F79EFBC}") = "QuizAI.Desktop", "QuizAI.Desktop\QuizAI.Desktop.csproj", "{2D11E1C0-AD4B-4452-84D6-623C14489EF0}"
EndProject
Global
	GlobalSection(SolutionConfigurationPlatforms) = preSolution
		Debug|Any CPU = Debug|Any CPU
		Release|Any CPU = Release|Any CPU
	EndGlobalSection
	GlobalSection(ProjectConfigurationPlatforms) = postSolution
		{B7E9CF68-09B0-B867-B77C-9F07FA8C815A}.Debug|Any CPU.ActiveCfg = Debug|Any CPU
		{B7E9CF68-09B0-B867-B77C-9F07FA8C815A}.Debug|Any CPU.Build.0 = Debug|Any CPU
		{B7E9CF68-09B0-B867-B77C-9F07FA8C815A}.Release|Any CPU.ActiveCfg = Release|Any CPU
		{B7E9CF68-09B0-B867-B77C-9F07FA8C815A}.Release|Any CPU.Build.0 = Release|Any CPU
		{2D11E1C0-AD4B-4452-84D6-623C14489EF0}.Debug|Any CPU.ActiveCfg = Debug|Any CPU
		{2D11E1C0-AD4B-4452-84D6-623C14489EF0}.Debug|Any CPU.Build.0 = Debug|Any CPU
		{2D11E1C0-AD4B-4452-84D6-623C14489EF0}.Release|Any CPU.ActiveCfg = Release|Any CPU
		{2D11E1C0-AD4B-4452-84D6-623C14489EF0}.Release|Any CPU.Build.0 = Release|Any CPU
	EndGlobalSection
	GlobalSection(SolutionProperties) = preSolution
		HideSolutionNode = FALSE
	EndGlobalSection
	GlobalSection(ExtensibilityGlobals) = postSolution
		SolutionGuid = {113465A1-C591-4480-BD25-43B05CE1E065}
	EndGlobalSection
EndGlobal
